
Microsoft Visual Studio Solution File, Format Version 12.00
# Visual Studio Version 17
VisualStudioVersion = 17.3.32922.545
MinimumVisualStudioVersion = 10.0.40219.1
Project("{9A19103F-16F7-4668-BE54-9A1E7A4F7556}") = "PaymentAPI", "payment-api\PaymentAPI.csproj", "{1A6E4D22-2DBA-4D21-9D1E-948C40D0FBF8}"
EndProject
Project("{9A19103F-16F7-4668-BE54-9A1E7A4F7556}") = "PaymentAPI.Unit.Tests", "payment-api.Unit.Tests\PaymentAPI.Unit.Tests.csproj", "{38AFF4D3-96D1-42E3-9A1F-09C5BD768D01}"
EndProject
Project("{9A19103F-16F7-4668-BE54-9A1E7A4F7556}") = "PaymentAPI.Domain", "PaymentAPI.Domain\PaymentAPI.Domain.csproj", "{C22165AE-F9DC-4255-BAE8-0DD05541EF54}"
EndProject
Project("{FAE04EC0-301F-11D3-BF4B-00C04F79EFBC}") = "PaymentAPI.Application", "PaymentAPI.Application\PaymentAPI.Application.csproj", "{2F1EFA2C-0F6F-4F22-A9DE-D1BFEE019E0F}"
EndProject
Global
	GlobalSection(SolutionConfigurationPlatforms) = preSolution
		Debug|Any CPU = Debug|Any CPU
		Release|Any CPU = Release|Any CPU
	EndGlobalSection
	GlobalSection(ProjectConfigurationPlatforms) = postSolution
		{1A6E4D22-2DBA-4D21-9D1E-948C40D0FBF8}.Debug|Any CPU.ActiveCfg = Debug|Any CPU
		{1A6E4D22-2DBA-4D21-9D1E-948C40D0FBF8}.Debug|Any CPU.Build.0 = Debug|Any CPU
		{1A6E4D22-2DBA-4D21-9D1E-948C40D0FBF8}.Release|Any CPU.ActiveCfg = Release|Any CPU
		{1A6E4D22-2DBA-4D21-9D1E-948C40D0FBF8}.Release|Any CPU.Build.0 = Release|Any CPU
		{38AFF4D3-96D1-42E3-9A1F-09C5BD768D01}.Debug|Any CPU.ActiveCfg = Debug|Any CPU
		{38AFF4D3-96D1-42E3-9A1F-09C5BD768D01}.Debug|Any CPU.Build.0 = Debug|Any CPU
		{38AFF4D3-96D1-42E3-9A1F-09C5BD768D01}.Release|Any CPU.ActiveCfg = Release|Any CPU
		{38AFF4D3-96D1-42E3-9A1F-09C5BD768D01}.Release|Any CPU.Build.0 = Release|Any CPU
		{C22165AE-F9DC-4255-BAE8-0DD05541EF54}.Debug|Any CPU.ActiveCfg = Debug|Any CPU
		{C22165AE-F9DC-4255-BAE8-0DD05541EF54}.Debug|Any CPU.Build.0 = Debug|Any CPU
		{C22165AE-F9DC-4255-BAE8-0DD05541EF54}.Release|Any CPU.ActiveCfg = Release|Any CPU
		{C22165AE-F9DC-4255-BAE8-0DD05541EF54}.Release|Any CPU.Build.0 = Release|Any CPU
		{2F1EFA2C-0F6F-4F22-A9DE-D1BFEE019E0F}.Debug|Any CPU.ActiveCfg = Debug|Any CPU
		{2F1EFA2C-0F6F-4F22-A9DE-D1BFEE019E0F}.Debug|Any CPU.Build.0 = Debug|Any CPU
		{2F1EFA2C-0F6F-4F22-A9DE-D1BFEE019E0F}.Release|Any CPU.ActiveCfg = Release|Any CPU
		{2F1EFA2C-0F6F-4F22-A9DE-D1BFEE019E0F}.Release|Any CPU.Build.0 = Release|Any CPU
	EndGlobalSection
	GlobalSection(SolutionProperties) = preSolution
		HideSolutionNode = FALSE
	EndGlobalSection
	GlobalSection(ExtensibilityGlobals) = postSolution
		SolutionGuid = {54FA9D8B-184F-4658-96F3-D6FEB7239410}
	EndGlobalSection
EndGlobal
